// !$*UTF8*$!
{
	archiveVersion = 1;
	classes = {
	};
	objectVersion = 55;
	objects = {

/* Begin PBXBuildFile section */
		67D72A9B27F93C7E0022EBBB /* AnimationChallengeApp.swift in Sources */ = {isa = PBXBuildFile; fileRef = 67D72A9A27F93C7E0022EBBB /* AnimationChallengeApp.swift */; };
		67D72A9D27F93C7E0022EBBB /* ContentView.swift in Sources */ = {isa = PBXBuildFile; fileRef = 67D72A9C27F93C7E0022EBBB /* ContentView.swift */; };
		67D72A9F27F93C810022EBBB /* Assets.xcassets in Resources */ = {isa = PBXBuildFile; fileRef = 67D72A9E27F93C810022EBBB /* Assets.xcassets */; };
		67D72AA227F93C810022EBBB /* Preview Assets.xcassets in Resources */ = {isa = PBXBuildFile; fileRef = 67D72AA127F93C810022EBBB /* Preview Assets.xcassets */; };
		67D72AAB27F93D690022EBBB /* Bag.swift in Sources */ = {isa = PBXBuildFile; fileRef = 67D72AAA27F93D680022EBBB /* Bag.swift */; };
		67D72AAD27F93EC80022EBBB /* Home.swift in Sources */ = {isa = PBXBuildFile; fileRef = 67D72AAC27F93EC80022EBBB /* Home.swift */; };
		67D72AD127F98D280022EBBB /* SnapCarousel.swift in Sources */ = {isa = PBXBuildFile; fileRef = 67D72AD027F98D280022EBBB /* SnapCarousel.swift */; };
		67FCD3D827FA917A00A67372 /* DetailView.swift in Sources */ = {isa = PBXBuildFile; fileRef = 67FCD3D727FA917A00A67372 /* DetailView.swift */; };
		67FCD3DA27FA9C4300A67372 /* OffsetModifier.swift in Sources */ = {isa = PBXBuildFile; fileRef = 67FCD3D927FA9C4300A67372 /* OffsetModifier.swift */; };
/* End PBXBuildFile section */

/* Begin PBXFileReference section */
		67D72A9727F93C7E0022EBBB /* AnimationChallenge.app */ = {isa = PBXFileReference; explicitFileType = wrapper.application; includeInIndex = 0; path = AnimationChallenge.app; sourceTree = BUILT_PRODUCTS_DIR; };
		67D72A9A27F93C7E0022EBBB /* AnimationChallengeApp.swift */ = {isa = PBXFileReference; lastKnownFileType = sourcecode.swift; path = AnimationChallengeApp.swift; sourceTree = "<group>"; };
		67D72A9C27F93C7E0022EBBB /* ContentView.swift */ = {isa = PBXFileReference; lastKnownFileType = sourcecode.swift; path = ContentView.swift; sourceTree = "<group>"; };
		67D72A9E27F93C810022EBBB /* Assets.xcassets */ = {isa = PBXFileReference; lastKnownFileType = folder.assetcatalog; path = Assets.xcassets; sourceTree = "<group>"; };
		67D72AA127F93C810022EBBB /* Preview Assets.xcassets */ = {isa = PBXFileReference; lastKnownFileType = folder.assetcatalog; path = "Preview Assets.xcassets"; sourceTree = "<group>"; };
		67D72AAA27F93D680022EBBB /* Bag.swift */ = {isa = PBXFileReference; lastKnownFileType = sourcecode.swift; path = Bag.swift; sourceTree = "<group>"; };
		67D72AAC27F93EC80022EBBB /* Home.swift */ = {isa = PBXFileReference; lastKnownFileType = sourcecode.swift; path = Home.swift; sourceTree = "<group>"; };
		67D72AD027F98D280022EBBB /* SnapCarousel.swift */ = {isa = PBXFileReference; fileEncoding = 4; lastKnownFileType = sourcecode.swift; path = SnapCarousel.swift; sourceTree = "<group>"; };
		67FCD3D727FA917A00A67372 /* DetailView.swift */ = {isa = PBXFileReference; lastKnownFileType = sourcecode.swift; path = DetailView.swift; sourceTree = "<group>"; };
		67FCD3D927FA9C4300A67372 /* OffsetModifier.swift */ = {isa = PBXFileReference; lastKnownFileType = sourcecode.swift; path = OffsetModifier.swift; sourceTree = "<group>"; };
/* End PBXFileReference section */

/* Begin PBXFrameworksBuildPhase section */
		67D72A9427F93C7E0022EBBB /* Frameworks */ = {
			isa = PBXFrameworksBuildPhase;
			buildActionMask = 2147483647;
			files = (
			);
			runOnlyForDeploymentPostprocessing = 0;
		};
/* End PBXFrameworksBuildPhase section */

/* Begin PBXGroup section */
		67D72A8E27F93C7E0022EBBB = {
			isa = PBXGroup;
			children = (
				67D72A9927F93C7E0022EBBB /* AnimationChallenge */,
				67D72A9827F93C7E0022EBBB /* Products */,
			);
			sourceTree = "<group>";
		};
		67D72A9827F93C7E0022EBBB /* Products */ = {
			isa = PBXGroup;
			children = (
				67D72A9727F93C7E0022EBBB /* AnimationChallenge.app */,
			);
			name = Products;
			sourceTree = "<group>";
		};
		67D72A9927F93C7E0022EBBB /* AnimationChallenge */ = {
			isa = PBXGroup;
			children = (
				67D72AA927F93D120022EBBB /* Model */,
				67D72AA827F93D0B0022EBBB /* View */,
				67D72A9A27F93C7E0022EBBB /* AnimationChallengeApp.swift */,
				67D72A9C27F93C7E0022EBBB /* ContentView.swift */,
				67D72A9E27F93C810022EBBB /* Assets.xcassets */,
				67D72AA027F93C810022EBBB /* Preview Content */,
			);
			path = AnimationChallenge;
			sourceTree = "<group>";
		};
		67D72AA027F93C810022EBBB /* Preview Content */ = {
			isa = PBXGroup;
			children = (
				67D72AA127F93C810022EBBB /* Preview Assets.xcassets */,
			);
			path = "Preview Content";
			sourceTree = "<group>";
		};
		67D72AA827F93D0B0022EBBB /* View */ = {
			isa = PBXGroup;
			children = (
				67D72AD027F98D280022EBBB /* SnapCarousel.swift */,
				67D72AAC27F93EC80022EBBB /* Home.swift */,
				67FCD3D727FA917A00A67372 /* DetailView.swift */,
				67FCD3D927FA9C4300A67372 /* OffsetModifier.swift */,
			);
			path = View;
			sourceTree = "<group>";
		};
		67D72AA927F93D120022EBBB /* Model */ = {
			isa = PBXGroup;
			children = (
				67D72AAA27F93D680022EBBB /* Bag.swift */,
			);
			path = Model;
			sourceTree = "<group>";
		};
/* End PBXGroup section */

/* Begin PBXNativeTarget section */
		67D72A9627F93C7E0022EBBB /* AnimationChallenge */ = {
			isa = PBXNativeTarget;
			buildConfigurationList = 67D72AA527F93C810022EBBB /* Build configuration list for PBXNativeTarget "AnimationChallenge" */;
			buildPhases = (
				67D72A9327F93C7E0022EBBB /* Sources */,
				67D72A9427F93C7E0022EBBB /* Frameworks */,
				67D72A9527F93C7E0022EBBB /* Resources */,
			);
			buildRules = (
			);
			dependencies = (
			);
			name = AnimationChallenge;
			productName = AnimationChallenge;
			productReference = 67D72A9727F93C7E0022EBBB /* AnimationChallenge.app */;
			productType = "com.apple.product-type.application";
		};
/* End PBXNativeTarget section */

/* Begin PBXProject section */
		67D72A8F27F93C7E0022EBBB /* Project object */ = {
			isa = PBXProject;
			attributes = {
				BuildIndependentTargetsInParallel = 1;
				LastSwiftUpdateCheck = 1320;
				LastUpgradeCheck = 1320;
				TargetAttributes = {
					67D72A9627F93C7E0022EBBB = {
						CreatedOnToolsVersion = 13.2.1;
					};
				};
			};
			buildConfigurationList = 67D72A9227F93C7E0022EBBB /* Build configuration list for PBXProject "AnimationChallenge" */;
			compatibilityVersion = "Xcode 13.0";
			developmentRegion = en;
			hasScannedForEncodings = 0;
			knownRegions = (
				en,
				Base,
			);
			mainGroup = 67D72A8E27F93C7E0022EBBB;
			productRefGroup = 67D72A9827F93C7E0022EBBB /* Products */;
			projectDirPath = "";
			projectRoot = "";
			targets = (
				67D72A9627F93C7E0022EBBB /* AnimationChallenge */,
			);
		};
/* End PBXProject section */

/* Begin PBXResourcesBuildPhase section */
		67D72A9527F93C7E0022EBBB /* Resources */ = {
			isa = PBXResourcesBuildPhase;
			buildActionMask = 2147483647;
			files = (
				67D72AA227F93C810022EBBB /* Preview Assets.xcassets in Resources */,
				67D72A9F27F93C810022EBBB /* Assets.xcassets in Resources */,
			);
			runOnlyForDeploymentPostprocessing = 0;
		};
/* End PBXResourcesBuildPhase section */

/* Begin PBXSourcesBuildPhase section */
		67D72A9327F93C7E0022EBBB /* Sources */ = {
			isa = PBXSourcesBuildPhase;
			buildActionMask = 2147483647;
			files = (
				67D72A9D27F93C7E0022EBBB /* ContentView.swift in Sources */,
				67FCD3D827FA917A00A67372 /* DetailView.swift in Sources */,
				67D72AAB27F93D690022EBBB /* Bag.swift in Sources */,
				67FCD3DA27FA9C4300A67372 /* OffsetModifier.swift in Sources */,
				67D72AAD27F93EC80022EBBB /* Home.swift in Sources */,
				67D72A9B27F93C7E0022EBBB /* AnimationChallengeApp.swift in Sources */,
				67D72AD127F98D280022EBBB /* SnapCarousel.swift in Sources */,
			);
			runOnlyForDeploymentPostprocessing = 0;
		};
/* End PBXSourcesBuildPhase section */

/* Begin XCBuildConfiguration section */
		67D72AA327F93C810022EBBB /* Debug */ = {
			isa = XCBuildConfiguration;
			buildSettings = {
				ALWAYS_SEARCH_USER_PATHS = NO;
				CLANG_ANALYZER_NONNULL = YES;
				CLANG_ANALYZER_NUMBER_OBJECT_CONVERSION = YES_AGGRESSIVE;
				CLANG_CXX_LANGUAGE_STANDARD = "gnu++17";
				CLANG_CXX_LIBRARY = "libc++";
				CLANG_ENABLE_MODULES = YES;
				CLANG_ENABLE_OBJC_ARC = YES;
				CLANG_ENABLE_OBJC_WEAK = YES;
				CLANG_WARN_BLOCK_CAPTURE_AUTORELEASING = YES;
				CLANG_WARN_BOOL_CONVERSION = YES;
				CLANG_WARN_COMMA = YES;
				CLANG_WARN_CONSTANT_CONVERSION = YES;
				CLANG_WARN_DEPRECATED_OBJC_IMPLEMENTATIONS = YES;
				CLANG_WARN_DIRECT_OBJC_ISA_USAGE = YES_ERROR;
				CLANG_WARN_DOCUMENTATION_COMMENTS = YES;
				CLANG_WARN_EMPTY_BODY = YES;
				CLANG_WARN_ENUM_CONVERSION = YES;
				CLANG_WARN_INFINITE_RECURSION = YES;
				CLANG_WARN_INT_CONVERSION = YES;
				CLANG_WARN_NON_LITERAL_NULL_CONVERSION = YES;
				CLANG_WARN_OBJC_IMPLICIT_RETAIN_SELF = YES;
				CLANG_WARN_OBJC_LITERAL_CONVERSION = YES;
				CLANG_WARN_OBJC_ROOT_CLASS = YES_ERROR;
				CLANG_WARN_QUOTED_INCLUDE_IN_FRAMEWORK_HEADER = YES;
				CLANG_WARN_RANGE_LOOP_ANALYSIS = YES;
				CLANG_WARN_STRICT_PROTOTYPES = YES;
				CLANG_WARN_SUSPICIOUS_MOVE = YES;
				CLANG_WARN_UNGUARDED_AVAILABILITY = YES_AGGRESSIVE;
				CLANG_WARN_UNREACHABLE_CODE = YES;
				CLANG_WARN__DUPLICATE_METHOD_MATCH = YES;
				COPY_PHASE_STRIP = NO;
				DEBUG_INFORMATION_FORMAT = dwarf;
				ENABLE_STRICT_OBJC_MSGSEND = YES;
				ENABLE_TESTABILITY = YES;
				GCC_C_LANGUAGE_STANDARD = gnu11;
				GCC_DYNAMIC_NO_PIC = NO;
				GCC_NO_COMMON_BLOCKS = YES;
				GCC_OPTIMIZATION_LEVEL = 0;
				GCC_PREPROCESSOR_DEFINITIONS = (
					"DEBUG=1",
					"$(inherited)",
				);
				GCC_WARN_64_TO_32_BIT_CONVERSION = YES;
				GCC_WARN_ABOUT_RETURN_TYPE = YES_ERROR;
				GCC_WARN_UNDECLARED_SELECTOR = YES;
				GCC_WARN_UNINITIALIZED_AUTOS = YES_AGGRESSIVE;
				GCC_WARN_UNUSED_FUNCTION = YES;
				GCC_WARN_UNUSED_VARIABLE = YES;
				IPHONEOS_DEPLOYMENT_TARGET = 15.2;
				MTL_ENABLE_DEBUG_INFO = INCLUDE_SOURCE;
				MTL_FAST_MATH = YES;
				ONLY_ACTIVE_ARCH = YES;
				SDKROOT = iphoneos;
				SWIFT_ACTIVE_COMPILATION_CONDITIONS = DEBUG;
				SWIFT_OPTIMIZATION_LEVEL = "-Onone";
			};
			name = Debug;
		};
		67D72AA427F93C810022EBBB /* Release */ = {
			isa = XCBuildConfiguration;
			buildSettings = {
				ALWAYS_SEARCH_USER_PATHS = NO;
				CLANG_ANALYZER_NONNULL = YES;
				CLANG_ANALYZER_NUMBER_OBJECT_CONVERSION = YES_AGGRESSIVE;
				CLANG_CXX_LANGUAGE_STANDARD = "gnu++17";
				CLANG_CXX_LIBRARY = "libc++";
				CLANG_ENABLE_MODULES = YES;
				CLANG_ENABLE_OBJC_ARC = YES;
				CLANG_ENABLE_OBJC_WEAK = YES;
				CLANG_WARN_BLOCK_CAPTURE_AUTORELEASING = YES;
				CLANG_WARN_BOOL_CONVERSION = YES;
				CLANG_WARN_COMMA = YES;
				CLANG_WARN_CONSTANT_CONVERSION = YES;
				CLANG_WARN_DEPRECATED_OBJC_IMPLEMENTATIONS = YES;
				CLANG_WARN_DIRECT_OBJC_ISA_USAGE = YES_ERROR;
				CLANG_WARN_DOCUMENTATION_COMMENTS = YES;
				CLANG_WARN_EMPTY_BODY = YES;
				CLANG_WARN_ENUM_CONVERSION = YES;
				CLANG_WARN_INFINITE_RECURSION = YES;
				CLANG_WARN_INT_CONVERSION = YES;
				CLANG_WARN_NON_LITERAL_NULL_CONVERSION = YES;
				CLANG_WARN_OBJC_IMPLICIT_RETAIN_SELF = YES;
				CLANG_WARN_OBJC_LITERAL_CONVERSION = YES;
				CLANG_WARN_OBJC_ROOT_CLASS = YES_ERROR;
				CLANG_WARN_QUOTED_INCLUDE_IN_FRAMEWORK_HEADER = YES;
				CLANG_WARN_RANGE_LOOP_ANALYSIS = YES;
				CLANG_WARN_STRICT_PROTOTYPES = YES;
				CLANG_WARN_SUSPICIOUS_MOVE = YES;
				CLANG_WARN_UNGUARDED_AVAILABILITY = YES_AGGRESSIVE;
				CLANG_WARN_UNREACHABLE_CODE = YES;
				CLANG_WARN__DUPLICATE_METHOD_MATCH = YES;
				COPY_PHASE_STRIP = NO;
				DEBUG_INFORMATION_FORMAT = "dwarf-with-dsym";
				ENABLE_NS_ASSERTIONS = NO;
				ENABLE_STRICT_OBJC_MSGSEND = YES;
				GCC_C_LANGUAGE_STANDARD = gnu11;
				GCC_NO_COMMON_BLOCKS = YES;
				GCC_WARN_64_TO_32_BIT_CONVERSION = YES;
				GCC_WARN_ABOUT_RETURN_TYPE = YES_ERROR;
				GCC_WARN_UNDECLARED_SELECTOR = YES;
				GCC_WARN_UNINITIALIZED_AUTOS = YES_AGGRESSIVE;
				GCC_WARN_UNUSED_FUNCTION = YES;
				GCC_WARN_UNUSED_VARIABLE = YES;
				IPHONEOS_DEPLOYMENT_TARGET = 15.2;
				MTL_ENABLE_DEBUG_INFO = NO;
				MTL_FAST_MATH = YES;
				SDKROOT = iphoneos;
				SWIFT_COMPILATION_MODE = wholemodule;
				SWIFT_OPTIMIZATION_LEVEL = "-O";
				VALIDATE_PRODUCT = YES;
			};
			name = Release;
		};
		67D72AA627F93C810022EBBB /* Debug */ = {
			isa = XCBuildConfiguration;
			buildSettings = {
				ASSETCATALOG_COMPILER_APPICON_NAME = AppIcon;
				ASSETCATALOG_COMPILER_GLOBAL_ACCENT_COLOR_NAME = AccentColor;
				CODE_SIGN_STYLE = Automatic;
				CURRENT_PROJECT_VERSION = 1;
				DEVELOPMENT_ASSET_PATHS = "\"AnimationChallenge/Preview Content\"";
				ENABLE_PREVIEWS = YES;
				GENERATE_INFOPLIST_FILE = YES;
				INFOPLIST_KEY_UIApplicationSceneManifest_Generation = YES;
				INFOPLIST_KEY_UIApplicationSupportsIndirectInputEvents = YES;
				INFOPLIST_KEY_UILaunchScreen_Generation = YES;
				INFOPLIST_KEY_UISupportedInterfaceOrientations_iPad = "UIInterfaceOrientationPortrait UIInterfaceOrientationPortraitUpsideDown UIInterfaceOrientationLandscapeLeft UIInterfaceOrientationLandscapeRight";
				INFOPLIST_KEY_UISupportedInterfaceOrientations_iPhone = "UIInterfaceOrientationPortrait UIInterfaceOrientationLandscapeLeft UIInterfaceOrientationLandscapeRight";
				LD_RUNPATH_SEARCH_PATHS = (
					"$(inherited)",
					"@executable_path/Frameworks",
				);
				MARKETING_VERSION = 1.0;
				PRODUCT_BUNDLE_IDENTIFIER = com.blackbirds.shakil.AnimationChallenge;
				PRODUCT_NAME = "$(TARGET_NAME)";
				SWIFT_EMIT_LOC_STRINGS = YES;
				SWIFT_VERSION = 5.0;
				TARGETED_DEVICE_FAMILY = "1,2";
			};
			name = Debug;
		};
		67D72AA727F93C810022EBBB /* Release */ = {
			isa = XCBuildConfiguration;
			buildSettings = {
				ASSETCATALOG_COMPILER_APPICON_NAME = AppIcon;
				ASSETCATALOG_COMPILER_GLOBAL_ACCENT_COLOR_NAME = AccentColor;
				CODE_SIGN_STYLE = Automatic;
				CURRENT_PROJECT_VERSION = 1;
				DEVELOPMENT_ASSET_PATHS = "\"AnimationChallenge/Preview Content\"";
				ENABLE_PREVIEWS = YES;
				GENERATE_INFOPLIST_FILE = YES;
				INFOPLIST_KEY_UIApplicationSceneManifest_Generation = YES;
				INFOPLIST_KEY_UIApplicationSupportsIndirectInputEvents = YES;
				INFOPLIST_KEY_UILaunchScreen_Generation = YES;
				INFOPLIST_KEY_UISupportedInterfaceOrientations_iPad = "UIInterfaceOrientationPortrait UIInterfaceOrientationPortraitUpsideDown UIInterfaceOrientationLandscapeLeft UIInterfaceOrientationLandscapeRight";
				INFOPLIST_KEY_UISupportedInterfaceOrientations_iPhone = "UIInterfaceOrientationPortrait UIInterfaceOrientationLandscapeLeft UIInterfaceOrientationLandscapeRight";
				LD_RUNPATH_SEARCH_PATHS = (
					"$(inherited)",
					"@executable_path/Frameworks",
				);
				MARKETING_VERSION = 1.0;
				PRODUCT_BUNDLE_IDENTIFIER = com.blackbirds.shakil.AnimationChallenge;
				PRODUCT_NAME = "$(TARGET_NAME)";
				SWIFT_EMIT_LOC_STRINGS = YES;
				SWIFT_VERSION = 5.0;
				TARGETED_DEVICE_FAMILY = "1,2";
			};
			name = Release;
		};
/* End XCBuildConfiguration section */

/* Begin XCConfigurationList section */
		67D72A9227F93C7E0022EBBB /* Build configuration list for PBXProject "AnimationChallenge" */ = {
			isa = XCConfigurationList;
			buildConfigurations = (
				67D72AA327F93C810022EBBB /* Debug */,
				67D72AA427F93C810022EBBB /* Release */,
			);
			defaultConfigurationIsVisible = 0;
			defaultConfigurationName = Release;
		};
		67D72AA527F93C810022EBBB /* Build configuration list for PBXNativeTarget "AnimationChallenge" */ = {
			isa = XCConfigurationList;
			buildConfigurations = (
				67D72AA627F93C810022EBBB /* Debug */,
				67D72AA727F93C810022EBBB /* Release */,
			);
			defaultConfigurationIsVisible = 0;
			defaultConfigurationName = Release;
		};
/* End XCConfigurationList section */
	};
	rootObject = 67D72A8F27F93C7E0022EBBB /* Project object */;
}
